
Microsoft Visual Studio Solution File, Format Version 12.00
# Visual Studio 2015
Project("{FAE04EC0-301F-11D3-BF4B-00C04F79EFBC}") = "Plane.CSharp", "Plane.CSharp.csproj", "{0CD5AC11-6130-D500-2526-A0B8036972BB}"
EndProject
Global
	GlobalSection(SolutionConfigurationPlatforms) = preSolution
		Debug|Any CPU = Debug|Any CPU
		Release|Any CPU = Release|Any CPU
	EndGlobalSection
	GlobalSection(ProjectConfigurationPlatforms) = postSolution
		{0CD5AC11-6130-D500-2526-A0B8036972BB}.Debug|Any CPU.ActiveCfg = Debug|Any CPU
		{0CD5AC11-6130-D500-2526-A0B8036972BB}.Debug|Any CPU.Build.0 = Debug|Any CPU
		{0CD5AC11-6130-D500-2526-A0B8036972BB}.Release|Any CPU.ActiveCfg = Release|Any CPU
		{0CD5AC11-6130-D500-2526-A0B8036972BB}.Release|Any CPU.Build.0 = Release|Any CPU
	EndGlobalSection
	GlobalSection(SolutionProperties) = preSolution
		HideSolutionNode = FALSE
	EndGlobalSection
EndGlobal
